dependencies:
- name: gateway
  repository: s3://athena-pre-helm-charts/stable/athena
  version: 1.0.2
- name: tnxhubservice
  repository: s3://athena-pre-helm-charts/stable/athena
  version: 1.0.1
- name: routingservice
  repository: s3://athena-pre-helm-charts/stable/athena
  version: 1.0.1
- name: geocodeservice
  repository: s3://athena-pre-helm-charts/stable/athena
  version: 1.0.1
- name: importingservice
  repository: s3://athena-pre-helm-charts/stable/athena
  version: 1.0.1
- name: plannedrolloverservice
  repository: s3://athena-pre-helm-charts/stable/athena
  version: 1.0.1
- name: reportservice
  repository: s3://athena-pre-helm-charts/stable/athena
  version: 1.0.1
- name: geoserverservice
  repository: s3://athena-pre-helm-charts/stable/athena
  version: 1.0.1
- name: overlayservice
  repository: s3://athena-pre-helm-charts/stable/athena
  version: 1.0.1
- name: aggregateservice
  repository: s3://athena-pre-helm-charts/stable/athena
  version: 1.0.1
- name: rresservice
  repository: s3://athena-pre-helm-charts/stable/athena
  version: 1.0.1
- name: routingmigration
  repository: s3://athena-pre-helm-charts/stable/athena
  version: 1.0.1
- name: routingmigration
  repository: s3://athena-pre-helm-charts/stable/athena
  version: 1.0.1
- name: ivinservice
  repository: s3://athena-pre-helm-charts/stable/athena
  version: 1.0.1
- name: geocalculationservice
  repository: s3://athena-pre-helm-charts/stable/athena
  version: 1.0.1
- name: edtaservice
  repository: s3://athena-pre-helm-charts/stable/athena
  version: 1.0.1
digest: sha256:371db6d53f12e47cdd4ea1609882501fb19087ad6045a2d9ffc80764593efc90
generated: "2021-07-26T01:21:13.811736+07:00"
